
Microsoft Visual Studio Solution File, Format Version 12.00
# Visual Studio Version 16
VisualStudioVersion = 16.0.30804.86
MinimumVisualStudioVersion = 10.0.40219.1
Project("{FAE04EC0-301F-11D3-BF4B-00C04F79EFBC}") = "TCP_Client(CS)", "TCP_Client(CS)\TCP_Client(CS).csproj", "{01A8083F-E247-4BAC-BE2B-6DFA0185BA8F}"
EndProject
Global
	GlobalSection(SolutionConfigurationPlatforms) = preSolution
		Debug|Any CPU = Debug|Any CPU
		Release|Any CPU = Release|Any CPU
	EndGlobalSection
	GlobalSection(ProjectConfigurationPlatforms) = postSolution
		{01A8083F-E247-4BAC-BE2B-6DFA0185BA8F}.Debug|Any CPU.ActiveCfg = Debug|Any CPU
		{01A8083F-E247-4BAC-BE2B-6DFA0185BA8F}.Debug|Any CPU.Build.0 = Debug|Any CPU
		{01A8083F-E247-4BAC-BE2B-6DFA0185BA8F}.Release|Any CPU.ActiveCfg = Release|Any CPU
		{01A8083F-E247-4BAC-BE2B-6DFA0185BA8F}.Release|Any CPU.Build.0 = Release|Any CPU
	EndGlobalSection
	GlobalSection(SolutionProperties) = preSolution
		HideSolutionNode = FALSE
	EndGlobalSection
	GlobalSection(ExtensibilityGlobals) = postSolution
		SolutionGuid = {C510E60F-44B3-4DDD-8716-359432EEC496}
	EndGlobalSection
EndGlobal
